{
  "version": 4,
  "terraform_version": "1.6.6",
  "serial": 27,
  "lineage": "2d25c013-63e4-c1ff-e835-54ee4a89c663",
  "outputs": {
    "webapp_ips": {
      "value": "20.237.30.145,20.246.137.79,20.246.139.193,20.246.140.103,20.246.140.119,20.246.140.127,20.119.0.32",
      "type": "string"
    },
    "webapp_url": {
      "value": "az-app-lab.azurewebsites.net",
      "type": "string"
    }
  },
  "resources": [
    {
      "mode": "managed",
      "type": "azurerm_linux_web_app",
      "name": "app",
      "provider": "provider[\"registry.terraform.io/hashicorp/azurerm\"]",
      "instances": [
        {
          "schema_version": 0,
          "attributes": {
            "app_settings": null,
            "auth_settings": [
              {
                "active_directory": [],
                "additional_login_parameters": {},
                "allowed_external_redirect_urls": [],
                "default_provider": "",
                "enabled": false,
                "facebook": [],
                "github": [],
                "google": [],
                "issuer": "",
                "microsoft": [],
                "runtime_version": "",
                "token_refresh_extension_hours": 0,
                "token_store_enabled": false,
                "twitter": [],
                "unauthenticated_client_action": ""
              }
            ],
            "backup": [],
            "client_affinity_enabled": false,
            "client_certificate_enabled": false,
            "client_certificate_mode": "Required",
            "connection_string": [
              {
                "name": "Database",
                "type": "SQLAzure",
                "value": "Server=tcp:azurerm_mssql_server.sql.fully_qualified_domain_name Database=azurerm_mssql_database.db.name;User ID=azurerm_mssql_server.sql.administrator_login;Password=azurerm_mssql_server.sql.administrator_login_password;Trusted_Connection=False;Encrypt=True;"
              }
            ],
            "custom_domain_verification_id": "93635621AEF984F3A15761EF6A99D1972D14DD38ED24D83276C59B17E6C18EF0",
            "default_hostname": "az-app-lab.azurewebsites.net",
            "enabled": true,
            "https_only": false,
            "id": "/subscriptions/21b314bc-48a0-4451-a93c-5b1841a5ef86/resourceGroups/app-rg/providers/Microsoft.Web/sites/az-app-lab",
            "identity": [],
            "key_vault_reference_identity_id": "SystemAssigned",
            "kind": "app,linux",
            "location": "eastus",
            "logs": [],
            "name": "az-app-lab",
            "outbound_ip_address_list": [
              "20.237.30.145",
              "20.246.137.79",
              "20.246.139.193",
              "20.246.140.103",
              "20.246.140.119",
              "20.246.140.127",
              "20.119.0.32"
            ],
            "outbound_ip_addresses": "20.237.30.145,20.246.137.79,20.246.139.193,20.246.140.103,20.246.140.119,20.246.140.127,20.119.0.32",
            "possible_outbound_ip_address_list": [
              "20.237.30.145",
              "20.246.137.79",
              "20.246.139.193",
              "20.246.140.103",
              "20.246.140.119",
              "20.246.140.127",
              "20.246.140.155",
              "20.246.140.179",
              "20.246.140.196",
              "20.237.29.81",
              "20.246.140.197",
              "20.237.29.127",
              "20.246.140.232",
              "20.237.31.50",
              "20.246.140.233",
              "20.237.31.35",
              "20.237.29.51",
              "20.246.141.8",
              "20.237.29.160",
              "20.246.141.9",
              "20.246.141.74",
              "20.246.141.99",
              "20.237.29.112",
              "20.246.141.255",
              "20.119.0.32"
            ],
            "possible_outbound_ip_addresses": "20.237.30.145,20.246.137.79,20.246.139.193,20.246.140.103,20.246.140.119,20.246.140.127,20.246.140.155,20.246.140.179,20.246.140.196,20.237.29.81,20.246.140.197,20.237.29.127,20.246.140.232,20.237.31.50,20.246.140.233,20.237.31.35,20.237.29.51,20.246.141.8,20.237.29.160,20.246.141.9,20.246.141.74,20.246.141.99,20.237.29.112,20.246.141.255,20.119.0.32",
            "resource_group_name": "app-rg",
            "service_plan_id": "/subscriptions/21b314bc-48a0-4451-a93c-5b1841a5ef86/resourceGroups/app-rg/providers/Microsoft.Web/serverfarms/az-asp1",
            "site_config": [
              {
                "always_on": true,
                "api_definition_url": "",
                "api_management_api_id": "",
                "app_command_line": "",
                "application_stack": [
                  {
                    "docker_image": "",
                    "docker_image_tag": "",
                    "dotnet_version": "",
                    "java_server": "",
                    "java_server_version": "",
                    "java_version": "",
                    "node_version": "",
                    "php_version": "",
                    "python_version": "",
                    "ruby_version": ""
                  }
                ],
                "auto_heal_enabled": false,
                "auto_heal_setting": [],
                "container_registry_managed_identity_client_id": "",
                "container_registry_use_managed_identity": false,
                "cors": [],
                "default_documents": [
                  "Default.htm",
                  "Default.html",
                  "Default.asp",
                  "index.htm",
                  "index.html",
                  "iisstart.htm",
                  "default.aspx",
                  "index.php",
                  "hostingstart.html"
                ],
                "detailed_error_logging_enabled": false,
                "ftps_state": "Disabled",
                "health_check_eviction_time_in_min": 0,
                "health_check_path": "",
                "http2_enabled": false,
                "ip_restriction": [],
                "linux_fx_version": "",
                "load_balancing_mode": "LeastRequests",
                "local_mysql_enabled": false,
                "managed_pipeline_mode": "Integrated",
                "minimum_tls_version": "1.2",
                "remote_debugging_enabled": false,
                "remote_debugging_version": "VS2019",
                "scm_ip_restriction": [],
                "scm_minimum_tls_version": "1.2",
                "scm_type": "None",
                "scm_use_main_ip_restriction": false,
                "use_32_bit_worker": true,
                "vnet_route_all_enabled": false,
                "websockets_enabled": false,
                "worker_count": 1
              }
            ],
            "site_credential": [
              {
                "name": "$az-app-lab",
                "password": "cwn6y9d9dgvd3pcDmDHT2RuAsmdD7WSvP3JTRWYilfX05ZDb9CeS44Mysug7"
              }
            ],
            "sticky_settings": [],
            "storage_account": [],
            "tags": null,
            "timeouts": null
          },
          "sensitive_attributes": [],
          "private": "eyJlMmJmYjczMC1lY2FhLTExZTYtOGY4OC0zNDM2M2JjN2M0YzAiOnsiY3JlYXRlIjoxODAwMDAwMDAwMDAwLCJkZWxldGUiOjE4MDAwMDAwMDAwMDAsInJlYWQiOjMwMDAwMDAwMDAwMCwidXBkYXRlIjoxODAwMDAwMDAwMDAwfX0=",
          "dependencies": [
            "azurerm_resource_group.rg",
            "azurerm_service_plan.plan"
          ]
        }
      ]
    },
    {
      "mode": "managed",
      "type": "azurerm_mssql_server",
      "name": "sql",
      "provider": "provider[\"registry.terraform.io/hashicorp/azurerm\"]",
      "instances": [
        {
          "status": "tainted",
          "schema_version": 0,
          "attributes": {
            "administrator_login": "useradmin",
            "administrator_login_password": "PassC0de@0905$",
            "azuread_administrator": [],
            "connection_policy": "Default",
            "fully_qualified_domain_name": null,
            "id": "/subscriptions/21b314bc-48a0-4451-a93c-5b1841a5ef86/resourceGroups/app-rg/providers/Microsoft.Sql/servers/az-app-db",
            "identity": [],
            "location": "eastus",
            "minimum_tls_version": "1.2",
            "name": "az-app-db",
            "outbound_network_restriction_enabled": false,
            "primary_user_assigned_identity_id": null,
            "public_network_access_enabled": true,
            "resource_group_name": "app-rg",
            "restorable_dropped_database_ids": null,
            "tags": null,
            "timeouts": null,
            "version": "12.0"
          },
          "sensitive_attributes": [],
          "private": "eyJlMmJmYjczMC1lY2FhLTExZTYtOGY4OC0zNDM2M2JjN2M0YzAiOnsiY3JlYXRlIjozNjAwMDAwMDAwMDAwLCJkZWxldGUiOjM2MDAwMDAwMDAwMDAsInJlYWQiOjMwMDAwMDAwMDAwMCwidXBkYXRlIjozNjAwMDAwMDAwMDAwfX0=",
          "dependencies": [
            "azurerm_resource_group.rg"
          ]
        }
      ]
    },
    {
      "mode": "managed",
      "type": "azurerm_resource_group",
      "name": "rg",
      "provider": "provider[\"registry.terraform.io/hashicorp/azurerm\"]",
      "instances": [
        {
          "schema_version": 0,
          "attributes": {
            "id": "/subscriptions/21b314bc-48a0-4451-a93c-5b1841a5ef86/resourceGroups/app-rg",
            "location": "eastus",
            "name": "app-rg",
            "tags": {
              "environment": "production"
            },
            "timeouts": null
          },
          "sensitive_attributes": [],
          "private": "eyJlMmJmYjczMC1lY2FhLTExZTYtOGY4OC0zNDM2M2JjN2M0YzAiOnsiY3JlYXRlIjo1NDAwMDAwMDAwMDAwLCJkZWxldGUiOjU0MDAwMDAwMDAwMDAsInJlYWQiOjMwMDAwMDAwMDAwMCwidXBkYXRlIjo1NDAwMDAwMDAwMDAwfX0="
        }
      ]
    },
    {
      "mode": "managed",
      "type": "azurerm_service_plan",
      "name": "plan",
      "provider": "provider[\"registry.terraform.io/hashicorp/azurerm\"]",
      "instances": [
        {
          "schema_version": 0,
          "attributes": {
            "app_service_environment_id": "",
            "id": "/subscriptions/21b314bc-48a0-4451-a93c-5b1841a5ef86/resourceGroups/app-rg/providers/Microsoft.Web/serverfarms/az-asp1",
            "kind": "linux",
            "location": "eastus",
            "maximum_elastic_worker_count": 1,
            "name": "az-asp1",
            "os_type": "Linux",
            "per_site_scaling_enabled": false,
            "reserved": true,
            "resource_group_name": "app-rg",
            "sku_name": "B1",
            "tags": null,
            "timeouts": null,
            "worker_count": 1,
            "zone_balancing_enabled": false
          },
          "sensitive_attributes": [],
          "private": "eyJlMmJmYjczMC1lY2FhLTExZTYtOGY4OC0zNDM2M2JjN2M0YzAiOnsiY3JlYXRlIjozNjAwMDAwMDAwMDAwLCJkZWxldGUiOjM2MDAwMDAwMDAwMDAsInJlYWQiOjMwMDAwMDAwMDAwMCwidXBkYXRlIjozNjAwMDAwMDAwMDAwfX0=",
          "dependencies": [
            "azurerm_resource_group.rg"
          ]
        }
      ]
    },
    {
      "mode": "managed",
      "type": "azurerm_storage_account",
      "name": "storage",
      "provider": "provider[\"registry.terraform.io/hashicorp/azurerm\"]",
      "instances": [
        {
          "schema_version": 3,
          "attributes": {
            "access_tier": "Hot",
            "account_kind": "StorageV2",
            "account_replication_type": "LRS",
            "account_tier": "Standard",
            "allow_nested_items_to_be_public": true,
            "azure_files_authentication": [],
            "blob_properties": [
              {
                "change_feed_enabled": false,
                "container_delete_retention_policy": [],
                "cors_rule": [],
                "default_service_version": "",
                "delete_retention_policy": [],
                "last_access_time_enabled": false,
                "versioning_enabled": false
              }
            ],
            "cross_tenant_replication_enabled": true,
            "custom_domain": [],
            "customer_managed_key": [],
            "edge_zone": "",
            "enable_https_traffic_only": true,
            "id": "/subscriptions/21b314bc-48a0-4451-a93c-5b1841a5ef86/resourceGroups/app-rg/providers/Microsoft.Storage/storageAccounts/azvamsilab0906",
            "identity": [],
            "infrastructure_encryption_enabled": false,
            "is_hns_enabled": false,
            "large_file_share_enabled": null,
            "location": "eastus",
            "min_tls_version": "TLS1_2",
            "name": "azvamsilab0906",
            "network_rules": [
              {
                "bypass": [
                  "AzureServices"
                ],
                "default_action": "Allow",
                "ip_rules": [],
                "private_link_access": [],
                "virtual_network_subnet_ids": []
              }
            ],
            "nfsv3_enabled": false,
            "primary_access_key": "FXGyqW/TeznWfLvPcbLFtgC5FXm8BI/D591oHmtUnnTtg2olwQqiIQ5GCijLkCN6/IYFuzmdMn4o+AStybrWTA==",
            "primary_blob_connection_string": "DefaultEndpointsProtocol=https;BlobEndpoint=https://azvamsilab0906.blob.core.windows.net/;AccountName=azvamsilab0906;AccountKey=FXGyqW/TeznWfLvPcbLFtgC5FXm8BI/D591oHmtUnnTtg2olwQqiIQ5GCijLkCN6/IYFuzmdMn4o+AStybrWTA==",
            "primary_blob_endpoint": "https://azvamsilab0906.blob.core.windows.net/",
            "primary_blob_host": "azvamsilab0906.blob.core.windows.net",
            "primary_connection_string": "DefaultEndpointsProtocol=https;AccountName=azvamsilab0906;AccountKey=FXGyqW/TeznWfLvPcbLFtgC5FXm8BI/D591oHmtUnnTtg2olwQqiIQ5GCijLkCN6/IYFuzmdMn4o+AStybrWTA==;EndpointSuffix=core.windows.net",
            "primary_dfs_endpoint": "https://azvamsilab0906.dfs.core.windows.net/",
            "primary_dfs_host": "azvamsilab0906.dfs.core.windows.net",
            "primary_file_endpoint": "https://azvamsilab0906.file.core.windows.net/",
            "primary_file_host": "azvamsilab0906.file.core.windows.net",
            "primary_location": "eastus",
            "primary_queue_endpoint": "https://azvamsilab0906.queue.core.windows.net/",
            "primary_queue_host": "azvamsilab0906.queue.core.windows.net",
            "primary_table_endpoint": "https://azvamsilab0906.table.core.windows.net/",
            "primary_table_host": "azvamsilab0906.table.core.windows.net",
            "primary_web_endpoint": "https://azvamsilab0906.z13.web.core.windows.net/",
            "primary_web_host": "azvamsilab0906.z13.web.core.windows.net",
            "queue_encryption_key_type": "Service",
            "queue_properties": [
              {
                "cors_rule": [],
                "hour_metrics": [
                  {
                    "enabled": true,
                    "include_apis": true,
                    "retention_policy_days": 7,
                    "version": "1.0"
                  }
                ],
                "logging": [
                  {
                    "delete": false,
                    "read": false,
                    "retention_policy_days": 0,
                    "version": "1.0",
                    "write": false
                  }
                ],
                "minute_metrics": [
                  {
                    "enabled": false,
                    "include_apis": false,
                    "retention_policy_days": 0,
                    "version": "1.0"
                  }
                ]
              }
            ],
            "resource_group_name": "app-rg",
            "routing": [],
            "secondary_access_key": "9HZPEYRHodYyXKKpPl943F/fn4ma1Ut8loEacyQ3E4obEvSHvhPTwKtfKh74l5MRejEzMichtNIA+AStfD+PcQ==",
            "secondary_blob_connection_string": "",
            "secondary_blob_endpoint": null,
            "secondary_blob_host": null,
            "secondary_connection_string": "DefaultEndpointsProtocol=https;AccountName=azvamsilab0906;AccountKey=9HZPEYRHodYyXKKpPl943F/fn4ma1Ut8loEacyQ3E4obEvSHvhPTwKtfKh74l5MRejEzMichtNIA+AStfD+PcQ==;EndpointSuffix=core.windows.net",
            "secondary_dfs_endpoint": null,
            "secondary_dfs_host": null,
            "secondary_file_endpoint": null,
            "secondary_file_host": null,
            "secondary_location": "",
            "secondary_queue_endpoint": null,
            "secondary_queue_host": null,
            "secondary_table_endpoint": null,
            "secondary_table_host": null,
            "secondary_web_endpoint": null,
            "secondary_web_host": null,
            "share_properties": [
              {
                "cors_rule": [],
                "retention_policy": [
                  {
                    "days": 7
                  }
                ],
                "smb": []
              }
            ],
            "shared_access_key_enabled": true,
            "static_website": [],
            "table_encryption_key_type": "Service",
            "tags": null,
            "timeouts": null
          },
          "sensitive_attributes": [],
          "private": "eyJlMmJmYjczMC1lY2FhLTExZTYtOGY4OC0zNDM2M2JjN2M0YzAiOnsiY3JlYXRlIjozNjAwMDAwMDAwMDAwLCJkZWxldGUiOjM2MDAwMDAwMDAwMDAsInJlYWQiOjMwMDAwMDAwMDAwMCwidXBkYXRlIjozNjAwMDAwMDAwMDAwfSwic2NoZW1hX3ZlcnNpb24iOiIzIn0=",
          "dependencies": [
            "azurerm_resource_group.rg"
          ]
        }
      ]
    }
  ],
  "check_results": null
}
